
Microsoft Visual Studio Solution File, Format Version 12.00
# Visual Studio 15
VisualStudioVersion = 15.0.28307.757
MinimumVisualStudioVersion = 10.0.40219.1
Project("{2150E333-8FDC-42A3-9474-1A3956D46DE8}") = "Solution Items", "Solution Items", "{0EC3BCE8-5039-41F7-ADA7-EB1070E2AAC7}"
	ProjectSection(SolutionItems) = preProject
		FinalProject.html = FinalProject.html
		css\personal.css = css\personal.css
		Personal.html = Personal.html
		css\reset.css = css\reset.css
		css\styles.css = css\styles.css
	EndProjectSection
EndProject
Global
	GlobalSection(SolutionProperties) = preSolution
		HideSolutionNode = FALSE
	EndGlobalSection
	GlobalSection(ExtensibilityGlobals) = postSolution
		SolutionGuid = {295643F1-3860-4991-8703-6F2956184CD2}
	EndGlobalSection
EndGlobal
